
Microsoft Visual Studio Solution File, Format Version 12.00
# Visual Studio Version 16
VisualStudioVersion = 16.0.29009.5
MinimumVisualStudioVersion = 10.0.40219.1
Project("{FAE04EC0-301F-11D3-BF4B-00C04F79EFBC}") = "Casting", "Casting\Casting.csproj", "{EA09AC9C-0BC1-4471-8471-20EE254D7C60}"
EndProject
Project("{FAE04EC0-301F-11D3-BF4B-00C04F79EFBC}") = "MoreVariablesAndPrinting", "MoreVariablesAndPrinting\MoreVariablesAndPrinting.csproj", "{01BAAA3E-5406-4CDB-B03C-1C3222FBA20C}"
EndProject
Project("{FAE04EC0-301F-11D3-BF4B-00C04F79EFBC}") = "SadFor", "SadFor\SadFor.csproj", "{357F7727-F6D3-4CF3-A2BB-72AC6F6A28D0}"
EndProject
Project("{FAE04EC0-301F-11D3-BF4B-00C04F79EFBC}") = "VariablesAndNames", "VariablesAndNames\VariablesAndNames.csproj", "{38CD71E6-6995-4D0D-A781-B4202B40BFB1}"
EndProject
Project("{FAE04EC0-301F-11D3-BF4B-00C04F79EFBC}") = "Excersise4", "Excersise4\Excersise4.csproj", "{4493C976-0329-4142-801A-F5A7D732D2C5}"
EndProject
Project("{FAE04EC0-301F-11D3-BF4B-00C04F79EFBC}") = "Excercise5", "Excercise5\Excercise5.csproj", "{4FED1BCA-A63C-4C73-88C4-9DD402531278}"
EndProject
Project("{FAE04EC0-301F-11D3-BF4B-00C04F79EFBC}") = "Excercise6", "Excercise6\Excercise6.csproj", "{F9168F83-708F-4455-A55E-3E7925ACE01C}"
EndProject
Project("{FAE04EC0-301F-11D3-BF4B-00C04F79EFBC}") = "Excercise7", "Excercise7\Excercise7.csproj", "{DCA1659A-AD4B-4D3F-82AD-A4C8235F7382}"
EndProject
Project("{FAE04EC0-301F-11D3-BF4B-00C04F79EFBC}") = "Excercise8", "Excercise8\Excercise8.csproj", "{04D9E11E-714F-403F-8FE5-931FAE7FF4DF}"
EndProject
Project("{FAE04EC0-301F-11D3-BF4B-00C04F79EFBC}") = "Excercise9", "Excercise9\Excercise9.csproj", "{159D9A46-5D80-4AD5-8381-635561ACDD13}"
EndProject
Global
	GlobalSection(SolutionConfigurationPlatforms) = preSolution
		Debug|Any CPU = Debug|Any CPU
		Release|Any CPU = Release|Any CPU
	EndGlobalSection
	GlobalSection(ProjectConfigurationPlatforms) = postSolution
		{EA09AC9C-0BC1-4471-8471-20EE254D7C60}.Debug|Any CPU.ActiveCfg = Debug|Any CPU
		{EA09AC9C-0BC1-4471-8471-20EE254D7C60}.Debug|Any CPU.Build.0 = Debug|Any CPU
		{EA09AC9C-0BC1-4471-8471-20EE254D7C60}.Release|Any CPU.ActiveCfg = Release|Any CPU
		{EA09AC9C-0BC1-4471-8471-20EE254D7C60}.Release|Any CPU.Build.0 = Release|Any CPU
		{01BAAA3E-5406-4CDB-B03C-1C3222FBA20C}.Debug|Any CPU.ActiveCfg = Debug|Any CPU
		{01BAAA3E-5406-4CDB-B03C-1C3222FBA20C}.Debug|Any CPU.Build.0 = Debug|Any CPU
		{01BAAA3E-5406-4CDB-B03C-1C3222FBA20C}.Release|Any CPU.ActiveCfg = Release|Any CPU
		{01BAAA3E-5406-4CDB-B03C-1C3222FBA20C}.Release|Any CPU.Build.0 = Release|Any CPU
		{357F7727-F6D3-4CF3-A2BB-72AC6F6A28D0}.Debug|Any CPU.ActiveCfg = Debug|Any CPU
		{357F7727-F6D3-4CF3-A2BB-72AC6F6A28D0}.Debug|Any CPU.Build.0 = Debug|Any CPU
		{357F7727-F6D3-4CF3-A2BB-72AC6F6A28D0}.Release|Any CPU.ActiveCfg = Release|Any CPU
		{357F7727-F6D3-4CF3-A2BB-72AC6F6A28D0}.Release|Any CPU.Build.0 = Release|Any CPU
		{38CD71E6-6995-4D0D-A781-B4202B40BFB1}.Debug|Any CPU.ActiveCfg = Debug|Any CPU
		{38CD71E6-6995-4D0D-A781-B4202B40BFB1}.Debug|Any CPU.Build.0 = Debug|Any CPU
		{38CD71E6-6995-4D0D-A781-B4202B40BFB1}.Release|Any CPU.ActiveCfg = Release|Any CPU
		{38CD71E6-6995-4D0D-A781-B4202B40BFB1}.Release|Any CPU.Build.0 = Release|Any CPU
		{4493C976-0329-4142-801A-F5A7D732D2C5}.Debug|Any CPU.ActiveCfg = Debug|Any CPU
		{4493C976-0329-4142-801A-F5A7D732D2C5}.Debug|Any CPU.Build.0 = Debug|Any CPU
		{4493C976-0329-4142-801A-F5A7D732D2C5}.Release|Any CPU.ActiveCfg = Release|Any CPU
		{4493C976-0329-4142-801A-F5A7D732D2C5}.Release|Any CPU.Build.0 = Release|Any CPU
		{4FED1BCA-A63C-4C73-88C4-9DD402531278}.Debug|Any CPU.ActiveCfg = Debug|Any CPU
		{4FED1BCA-A63C-4C73-88C4-9DD402531278}.Debug|Any CPU.Build.0 = Debug|Any CPU
		{4FED1BCA-A63C-4C73-88C4-9DD402531278}.Release|Any CPU.ActiveCfg = Release|Any CPU
		{4FED1BCA-A63C-4C73-88C4-9DD402531278}.Release|Any CPU.Build.0 = Release|Any CPU
		{F9168F83-708F-4455-A55E-3E7925ACE01C}.Debug|Any CPU.ActiveCfg = Debug|Any CPU
		{F9168F83-708F-4455-A55E-3E7925ACE01C}.Debug|Any CPU.Build.0 = Debug|Any CPU
		{F9168F83-708F-4455-A55E-3E7925ACE01C}.Release|Any CPU.ActiveCfg = Release|Any CPU
		{F9168F83-708F-4455-A55E-3E7925ACE01C}.Release|Any CPU.Build.0 = Release|Any CPU
		{DCA1659A-AD4B-4D3F-82AD-A4C8235F7382}.Debug|Any CPU.ActiveCfg = Debug|Any CPU
		{DCA1659A-AD4B-4D3F-82AD-A4C8235F7382}.Debug|Any CPU.Build.0 = Debug|Any CPU
		{DCA1659A-AD4B-4D3F-82AD-A4C8235F7382}.Release|Any CPU.ActiveCfg = Release|Any CPU
		{DCA1659A-AD4B-4D3F-82AD-A4C8235F7382}.Release|Any CPU.Build.0 = Release|Any CPU
		{04D9E11E-714F-403F-8FE5-931FAE7FF4DF}.Debug|Any CPU.ActiveCfg = Debug|Any CPU
		{04D9E11E-714F-403F-8FE5-931FAE7FF4DF}.Debug|Any CPU.Build.0 = Debug|Any CPU
		{04D9E11E-714F-403F-8FE5-931FAE7FF4DF}.Release|Any CPU.ActiveCfg = Release|Any CPU
		{04D9E11E-714F-403F-8FE5-931FAE7FF4DF}.Release|Any CPU.Build.0 = Release|Any CPU
		{159D9A46-5D80-4AD5-8381-635561ACDD13}.Debug|Any CPU.ActiveCfg = Debug|Any CPU
		{159D9A46-5D80-4AD5-8381-635561ACDD13}.Debug|Any CPU.Build.0 = Debug|Any CPU
		{159D9A46-5D80-4AD5-8381-635561ACDD13}.Release|Any CPU.ActiveCfg = Release|Any CPU
		{159D9A46-5D80-4AD5-8381-635561ACDD13}.Release|Any CPU.Build.0 = Release|Any CPU
	EndGlobalSection
	GlobalSection(SolutionProperties) = preSolution
		HideSolutionNode = FALSE
	EndGlobalSection
	GlobalSection(ExtensibilityGlobals) = postSolution
		SolutionGuid = {2843F384-9F8E-4D08-934F-B863FC7F989B}
	EndGlobalSection
EndGlobal
