
Microsoft Visual Studio Solution File, Format Version 12.00
# Visual Studio Version 16
VisualStudioVersion = 16.0.29123.88
MinimumVisualStudioVersion = 10.0.40219.1
Project("{FAE04EC0-301F-11D3-BF4B-00C04F79EFBC}") = "CalculateArea", "CalculateArea\CalculateArea.csproj", "{6764DB75-045A-462A-896D-E7150A08DE85}"
EndProject
Project("{FAE04EC0-301F-11D3-BF4B-00C04F79EFBC}") = "GravityCalculator", "GravityCalculator\GravityCalculator.csproj", "{21B4C2ED-21D7-4F86-9A72-FCAD10DE578E}"
EndProject
Project("{9A19103F-16F7-4668-BE54-9A1E7A4F7556}") = "Excercise1", "Excercise1\Excercise1.csproj", "{25D3904C-0F6F-4551-94D6-9482B614BC82}"
EndProject
Project("{FAE04EC0-301F-11D3-BF4B-00C04F79EFBC}") = "CheckOddEven", "Excercise2\CheckOddEven.csproj", "{C1281E28-63A5-4E23-838F-1F8079801D7C}"
EndProject
Project("{FAE04EC0-301F-11D3-BF4B-00C04F79EFBC}") = "SumAverageRunningInt", "SumAverageRunningInt1\SumAverageRunningInt.csproj", "{3234574B-3CB2-437F-A9FB-65B41499F70B}"
EndProject
Project("{FAE04EC0-301F-11D3-BF4B-00C04F79EFBC}") = "Product1ToN", "Product1ToN\Product1ToN.csproj", "{65A8B0A1-0F69-4223-BCC6-DDA6A39499B1}"
EndProject
Project("{FAE04EC0-301F-11D3-BF4B-00C04F79EFBC}") = "Excercise5", "Excercise5\Excercise5.csproj", "{5271A37A-5A2F-4A89-B021-7EAD6EEB73F9}"
EndProject
Project("{FAE04EC0-301F-11D3-BF4B-00C04F79EFBC}") = "CozaLozaWoza", "CozaLozaWoza\CozaLozaWoza.csproj", "{B6DBAAEA-7F05-4D01-8135-5398A0E17B0C}"
EndProject
Global
	GlobalSection(SolutionConfigurationPlatforms) = preSolution
		Debug|Any CPU = Debug|Any CPU
		Release|Any CPU = Release|Any CPU
	EndGlobalSection
	GlobalSection(ProjectConfigurationPlatforms) = postSolution
		{6764DB75-045A-462A-896D-E7150A08DE85}.Debug|Any CPU.ActiveCfg = Debug|Any CPU
		{6764DB75-045A-462A-896D-E7150A08DE85}.Debug|Any CPU.Build.0 = Debug|Any CPU
		{6764DB75-045A-462A-896D-E7150A08DE85}.Release|Any CPU.ActiveCfg = Release|Any CPU
		{6764DB75-045A-462A-896D-E7150A08DE85}.Release|Any CPU.Build.0 = Release|Any CPU
		{21B4C2ED-21D7-4F86-9A72-FCAD10DE578E}.Debug|Any CPU.ActiveCfg = Debug|Any CPU
		{21B4C2ED-21D7-4F86-9A72-FCAD10DE578E}.Debug|Any CPU.Build.0 = Debug|Any CPU
		{21B4C2ED-21D7-4F86-9A72-FCAD10DE578E}.Release|Any CPU.ActiveCfg = Release|Any CPU
		{21B4C2ED-21D7-4F86-9A72-FCAD10DE578E}.Release|Any CPU.Build.0 = Release|Any CPU
		{25D3904C-0F6F-4551-94D6-9482B614BC82}.Debug|Any CPU.ActiveCfg = Debug|Any CPU
		{25D3904C-0F6F-4551-94D6-9482B614BC82}.Debug|Any CPU.Build.0 = Debug|Any CPU
		{25D3904C-0F6F-4551-94D6-9482B614BC82}.Release|Any CPU.ActiveCfg = Release|Any CPU
		{25D3904C-0F6F-4551-94D6-9482B614BC82}.Release|Any CPU.Build.0 = Release|Any CPU
		{C1281E28-63A5-4E23-838F-1F8079801D7C}.Debug|Any CPU.ActiveCfg = Debug|Any CPU
		{C1281E28-63A5-4E23-838F-1F8079801D7C}.Debug|Any CPU.Build.0 = Debug|Any CPU
		{C1281E28-63A5-4E23-838F-1F8079801D7C}.Release|Any CPU.ActiveCfg = Release|Any CPU
		{C1281E28-63A5-4E23-838F-1F8079801D7C}.Release|Any CPU.Build.0 = Release|Any CPU
		{3234574B-3CB2-437F-A9FB-65B41499F70B}.Debug|Any CPU.ActiveCfg = Debug|Any CPU
		{3234574B-3CB2-437F-A9FB-65B41499F70B}.Debug|Any CPU.Build.0 = Debug|Any CPU
		{3234574B-3CB2-437F-A9FB-65B41499F70B}.Release|Any CPU.ActiveCfg = Release|Any CPU
		{3234574B-3CB2-437F-A9FB-65B41499F70B}.Release|Any CPU.Build.0 = Release|Any CPU
		{65A8B0A1-0F69-4223-BCC6-DDA6A39499B1}.Debug|Any CPU.ActiveCfg = Debug|Any CPU
		{65A8B0A1-0F69-4223-BCC6-DDA6A39499B1}.Debug|Any CPU.Build.0 = Debug|Any CPU
		{65A8B0A1-0F69-4223-BCC6-DDA6A39499B1}.Release|Any CPU.ActiveCfg = Release|Any CPU
		{65A8B0A1-0F69-4223-BCC6-DDA6A39499B1}.Release|Any CPU.Build.0 = Release|Any CPU
		{5271A37A-5A2F-4A89-B021-7EAD6EEB73F9}.Debug|Any CPU.ActiveCfg = Debug|Any CPU
		{5271A37A-5A2F-4A89-B021-7EAD6EEB73F9}.Debug|Any CPU.Build.0 = Debug|Any CPU
		{5271A37A-5A2F-4A89-B021-7EAD6EEB73F9}.Release|Any CPU.ActiveCfg = Release|Any CPU
		{5271A37A-5A2F-4A89-B021-7EAD6EEB73F9}.Release|Any CPU.Build.0 = Release|Any CPU
		{B6DBAAEA-7F05-4D01-8135-5398A0E17B0C}.Debug|Any CPU.ActiveCfg = Debug|Any CPU
		{B6DBAAEA-7F05-4D01-8135-5398A0E17B0C}.Debug|Any CPU.Build.0 = Debug|Any CPU
		{B6DBAAEA-7F05-4D01-8135-5398A0E17B0C}.Release|Any CPU.ActiveCfg = Release|Any CPU
		{B6DBAAEA-7F05-4D01-8135-5398A0E17B0C}.Release|Any CPU.Build.0 = Release|Any CPU
	EndGlobalSection
	GlobalSection(SolutionProperties) = preSolution
		HideSolutionNode = FALSE
	EndGlobalSection
	GlobalSection(ExtensibilityGlobals) = postSolution
		SolutionGuid = {22A75822-3C36-4529-B369-1F5A7653AD59}
	EndGlobalSection
EndGlobal
